
# cargo-vet imports lock

[audits.bytecode-alliance.audits]

[[audits.embark-studios.audits.epaint]]
who = "Johan Andersson <opensource@embark-studios.com>"
criteria = "safe-to-deploy"
violation = "<0.20.0"
notes = "Specified crate license does not include licenses of embedded fonts if using default features or the `default_fonts` feature. Tracked in: https://github.com/emilk/egui/issues/2321"

[audits.fermyon.audits]

[audits.google.audits]

[audits.mozilla.audits]
